
Microsoft Visual Studio Solution File, Format Version 11.00
# Visual Studio 2010
Project("{FAE04EC0-301F-11D3-BF4B-00C04F79EFBC}") = "Tennis-ML", "Assembly-CSharp.csproj", "{7DD613E7-0C8E-2143-C073-66DE3D9D4F83}"
EndProject
Project("{FAE04EC0-301F-11D3-BF4B-00C04F79EFBC}") = "Tennis-ML", "Assembly-CSharp-Editor.csproj", "{284419DF-7C32-ADFC-5185-0448FED7DA58}"
EndProject
Global
	GlobalSection(SolutionConfigurationPlatforms) = preSolution
		Debug|Any CPU = Debug|Any CPU
		Release|Any CPU = Release|Any CPU
	EndGlobalSection
	GlobalSection(ProjectConfigurationPlatforms) = postSolution
		{7DD613E7-0C8E-2143-C073-66DE3D9D4F83}.Debug|Any CPU.ActiveCfg = Debug|Any CPU
		{7DD613E7-0C8E-2143-C073-66DE3D9D4F83}.Debug|Any CPU.Build.0 = Debug|Any CPU
		{7DD613E7-0C8E-2143-C073-66DE3D9D4F83}.Release|Any CPU.ActiveCfg = Release|Any CPU
		{7DD613E7-0C8E-2143-C073-66DE3D9D4F83}.Release|Any CPU.Build.0 = Release|Any CPU
		{284419DF-7C32-ADFC-5185-0448FED7DA58}.Debug|Any CPU.ActiveCfg = Debug|Any CPU
		{284419DF-7C32-ADFC-5185-0448FED7DA58}.Debug|Any CPU.Build.0 = Debug|Any CPU
		{284419DF-7C32-ADFC-5185-0448FED7DA58}.Release|Any CPU.ActiveCfg = Release|Any CPU
		{284419DF-7C32-ADFC-5185-0448FED7DA58}.Release|Any CPU.Build.0 = Release|Any CPU
	EndGlobalSection
	GlobalSection(SolutionProperties) = preSolution
		HideSolutionNode = FALSE
	EndGlobalSection
	GlobalSection(MonoDevelopProperties) = preSolution
		StartupItem = Assembly-CSharp.csproj
	EndGlobalSection
EndGlobal
